PODS:
  - AppSyncRealTimeClient (1.1.6):
    - Starscream (= 3.0.6)
  - AWSAppSync (3.1.2):
    - AppSyncRealTimeClient (~> 1.1)
    - AWSCore (~> 2.13.0)
    - ReachabilitySwift (~> 5.0.0)
    - SQLite.swift (~> 0.12.2)
  - AWSAuthCore (2.13.3):
    - AWSCore (= 2.13.3)
  - AWSAuthUI (2.13.3):
    - AWSAuthCore (= 2.13.3)
    - AWSCore (= 2.13.3)
  - AWSCognitoIdentityProvider (2.13.3):
    - AWSCognitoIdentityProviderASF (= 1.0.1)
    - AWSCore (= 2.13.3)
  - AWSCognitoIdentityProviderASF (1.0.1)
  - AWSCore (2.13.3)
  - AWSMobileClient (2.13.3):
    - AWSAuthCore (= 2.13.3)
    - AWSCognitoIdentityProvider (= 2.13.3)
  - AWSS3 (2.13.3):
    - AWSCore (= 2.13.3)
  - AWSUserPoolsSignIn (2.13.3):
    - AWSAuthCore (= 2.13.3)
    - AWSCognitoIdentityProvider (= 2.13.3)
  - ReachabilitySwift (5.0.0)
  - SQLite.swift (0.12.2):
    - SQLite.swift/standard (= 0.12.2)
  - SQLite.swift/standard (0.12.2)
  - Starscream (3.0.6)

DEPENDENCIES:
  - AWSAppSync (~> 3.1.2)
  - AWSAuthUI (~> 2.13.0)
  - AWSCore (~> 2.13.0)
  - AWSMobileClient (~> 2.13.0)
  - AWSS3 (~> 2.13.0)
  - AWSUserPoolsSignIn (~> 2.13.0)

SPEC REPOS:
  trunk:
    - AppSyncRealTimeClient
    - AWSAppSync
    - AWSAuthCore
    - AWSAuthUI
    - AWSCognitoIdentityProvider
    - AWSCognitoIdentityProviderASF
    - AWSCore
    - AWSMobileClient
    - AWSS3
    - AWSUserPoolsSignIn
    - ReachabilitySwift
    - SQLite.swift
    - Starscream

SPEC CHECKSUMS:
  AppSyncRealTimeClient: 4a2ccdc1722750a1f4d76e216f9bfb1cf12f10de
  AWSAppSync: 4b91c48712913ca4f2bb38273280190e65d59a45
  AWSAuthCore: 93b71ac38596e75790015c7299c725bb09ae1d5f
  AWSAuthUI: 606e0585daf951db263e098a792aad44b21476bd
  AWSCognitoIdentityProvider: 3480819d983e78eda7a43e141273756784be30cb
  AWSCognitoIdentityProviderASF: f94f1a502e72ef3d0a1de93e10bf7a79c8698118
  AWSCore: fc361166b595e3c0183c55987743b295646c39d2
  AWSMobileClient: 9149b664d1a89279bd49d36598c7afc38a63d7d1
  AWSS3: 1da9d812262d3e5eb7b5221c981a4d38d3d58ee5
  AWSUserPoolsSignIn: b32e3c69bb29618434da9b3b0367ccc214d85fc8
  ReachabilitySwift: 985039c6f7b23a1da463388634119492ff86c825
  SQLite.swift: d2b4642190917051ce6bd1d49aab565fe794eea3
  Starscream: ef3ece99d765eeccb67de105bfa143f929026cf5

PODFILE CHECKSUM: 23e6016bee3edbe5d6a0f00003f88fc20279dde7

COCOAPODS: 1.9.1
