// !$*UTF8*$!
{
	archiveVersion = 1;
	classes = {
	};
	objectVersion = 51;
	objects = {

/* Begin PBXBuildFile section */
		18E5BA19B4E61AF109AC461F /* Pods_WelfTests.framework in Frameworks */ = {isa = PBXBuildFile; fileRef = 8A601531AAB9395CDBE46055 /* Pods_WelfTests.framework */; };
		2AC9A5641EA58AEF084BD1B9 /* Pods_Welf.framework in Frameworks */ = {isa = PBXBuildFile; fileRef = 0E5ACF9A7D3DC95CAD630CB6 /* Pods_Welf.framework */; };
		5DCF7C0E4668554B12C2EE45 /* Pods_Welf_WelfUITests.framework in Frameworks */ = {isa = PBXBuildFile; fileRef = 3308F9E209BCCBFE5D6023BB /* Pods_Welf_WelfUITests.framework */; };
		E109A26A24AB84CB007F21B2 /* UsernameCheck.swift in Sources */ = {isa = PBXBuildFile; fileRef = E109A26924AB84CB007F21B2 /* UsernameCheck.swift */; };
		E109A26F24AC0555007F21B2 /* PasswordStrengthMeter.swift in Sources */ = {isa = PBXBuildFile; fileRef = E109A26E24AC0555007F21B2 /* PasswordStrengthMeter.swift */; };
		E109A27124AC05B5007F21B2 /* PasswordUtil.swift in Sources */ = {isa = PBXBuildFile; fileRef = E109A27024AC05B5007F21B2 /* PasswordUtil.swift */; };
		E109A27324AD1326007F21B2 /* PasswordStrengthMeterIndicator.swift in Sources */ = {isa = PBXBuildFile; fileRef = E109A27224AD1326007F21B2 /* PasswordStrengthMeterIndicator.swift */; };
		E109A27524AD1531007F21B2 /* SecondStep.swift in Sources */ = {isa = PBXBuildFile; fileRef = E109A27424AD1531007F21B2 /* SecondStep.swift */; };
		E109A27724AD260B007F21B2 /* SignUpNameService.swift in Sources */ = {isa = PBXBuildFile; fileRef = E109A27624AD260B007F21B2 /* SignUpNameService.swift */; };
		E109A27924AD2920007F21B2 /* SignUpUserCredentialsService.swift in Sources */ = {isa = PBXBuildFile; fileRef = E109A27824AD2920007F21B2 /* SignUpUserCredentialsService.swift */; };
		E109A27B24AD2B8C007F21B2 /* UsernameHelper.swift in Sources */ = {isa = PBXBuildFile; fileRef = E109A27A24AD2B8C007F21B2 /* UsernameHelper.swift */; };
		E109A27F24AD373D007F21B2 /* SignUpContactDetailsService.swift in Sources */ = {isa = PBXBuildFile; fileRef = E109A27E24AD373D007F21B2 /* SignUpContactDetailsService.swift */; };
		E110AB4824B0C76700AA144D /* PortraitOrientationLockModifier.swift in Sources */ = {isa = PBXBuildFile; fileRef = E110AB4724B0C76700AA144D /* PortraitOrientationLockModifier.swift */; };
		E119467D240B97D7007BE44A /* AppDelegate.swift in Sources */ = {isa = PBXBuildFile; fileRef = E119467C240B97D7007BE44A /* AppDelegate.swift */; };
		E119467F240B97D7007BE44A /* SceneDelegate.swift in Sources */ = {isa = PBXBuildFile; fileRef = E119467E240B97D7007BE44A /* SceneDelegate.swift */; };
		E1194682240B97D7007BE44A /* Welf.xcdatamodeld in Sources */ = {isa = PBXBuildFile; fileRef = E1194680240B97D7007BE44A /* Welf.xcdatamodeld */; };
		E1194686240B97D9007BE44A /* Assets.xcassets in Resources */ = {isa = PBXBuildFile; fileRef = E1194685240B97D9007BE44A /* Assets.xcassets */; };
		E1194689240B97D9007BE44A /* Preview Assets.xcassets in Resources */ = {isa = PBXBuildFile; fileRef = E1194688240B97D9007BE44A /* Preview Assets.xcassets */; };
		E119468C240B97D9007BE44A /* LaunchScreen.storyboard in Resources */ = {isa = PBXBuildFile; fileRef = E119468A240B97D9007BE44A /* LaunchScreen.storyboard */; };
		E1194697240B97D9007BE44A /* WelfTests.swift in Sources */ = {isa = PBXBuildFile; fileRef = E1194696240B97D9007BE44A /* WelfTests.swift */; };
		E11946A2240B97D9007BE44A /* WelfUITests.swift in Sources */ = {isa = PBXBuildFile; fileRef = E11946A1240B97D9007BE44A /* WelfUITests.swift */; };
		E1246D72249ED13300EE3A77 /* FirstStep.swift in Sources */ = {isa = PBXBuildFile; fileRef = E1246D71249ED13300EE3A77 /* FirstStep.swift */; };
		E1246D76249FD16D00EE3A77 /* GenericTextFieldWithValidation.swift in Sources */ = {isa = PBXBuildFile; fileRef = E1246D75249FD16D00EE3A77 /* GenericTextFieldWithValidation.swift */; };
		E1246D7824AA6D5000EE3A77 /* SystemServices.swift in Sources */ = {isa = PBXBuildFile; fileRef = E1246D7724AA6D5000EE3A77 /* SystemServices.swift */; };
		E146EC30247DC6F4007C2155 /* PasswordEntryView.swift in Sources */ = {isa = PBXBuildFile; fileRef = E146EC2F247DC6F4007C2155 /* PasswordEntryView.swift */; };
		E146EC32247DC9EF007C2155 /* UsernameEntryView.swift in Sources */ = {isa = PBXBuildFile; fileRef = E146EC31247DC9EF007C2155 /* UsernameEntryView.swift */; };
		E146EC34247DCBC0007C2155 /* CredentialsEntryView.swift in Sources */ = {isa = PBXBuildFile; fileRef = E146EC33247DCBC0007C2155 /* CredentialsEntryView.swift */; };
		E15D76BD2477602000F17A59 /* ForgotPasswordView.swift in Sources */ = {isa = PBXBuildFile; fileRef = E15D76BC2477602000F17A59 /* ForgotPasswordView.swift */; };
		E160AA792496695D00003771 /* SignUpView.swift in Sources */ = {isa = PBXBuildFile; fileRef = E160AA782496695D00003771 /* SignUpView.swift */; };
		E164BD73249AE4530089021D /* PagedForm.swift in Sources */ = {isa = PBXBuildFile; fileRef = E164BD72249AE4530089021D /* PagedForm.swift */; };
		E164BD78249AF2A60089021D /* FormHeader.swift in Sources */ = {isa = PBXBuildFile; fileRef = E164BD77249AF2A60089021D /* FormHeader.swift */; };
		E17102AD249B03C700FFED5A /* FirstPageNextButton.swift in Sources */ = {isa = PBXBuildFile; fileRef = E17102AC249B03C700FFED5A /* FirstPageNextButton.swift */; };
		E17102B0249B09EC00FFED5A /* SecondPageNextButton.swift in Sources */ = {isa = PBXBuildFile; fileRef = E17102AF249B09EC00FFED5A /* SecondPageNextButton.swift */; };
		E17102B2249B0B5000FFED5A /* ForwardButton.swift in Sources */ = {isa = PBXBuildFile; fileRef = E17102B1249B0B5000FFED5A /* ForwardButton.swift */; };
		E17102B4249B0DDF00FFED5A /* SignUpButton.swift in Sources */ = {isa = PBXBuildFile; fileRef = E17102B3249B0DDF00FFED5A /* SignUpButton.swift */; };
		E17102B6249B0F0100FFED5A /* BackButton.swift in Sources */ = {isa = PBXBuildFile; fileRef = E17102B5249B0F0100FFED5A /* BackButton.swift */; };
		E1712C7E24883D93001B236B /* LoadingView.swift in Sources */ = {isa = PBXBuildFile; fileRef = E1712C7D24883D93001B236B /* LoadingView.swift */; };
		E197F2BD24B0D3DD00486BB4 /* FinalStep.swift in Sources */ = {isa = PBXBuildFile; fileRef = E197F2BC24B0D3DD00486BB4 /* FinalStep.swift */; };
		E197F2C024B287BA00486BB4 /* SignUpDto.swift in Sources */ = {isa = PBXBuildFile; fileRef = E197F2BF24B287BA00486BB4 /* SignUpDto.swift */; };
		E1ABFF60247DDFC300FE6EE8 /* AuthenticationCallToActionView.swift in Sources */ = {isa = PBXBuildFile; fileRef = E1ABFF5F247DDFC300FE6EE8 /* AuthenticationCallToActionView.swift */; };
		E1ABFF66248064DA00FE6EE8 /* GenericResizeableButton.swift in Sources */ = {isa = PBXBuildFile; fileRef = E1ABFF65248064DA00FE6EE8 /* GenericResizeableButton.swift */; };
		E1ADF2E124999C9E00CE6B56 /* PageControl.swift in Sources */ = {isa = PBXBuildFile; fileRef = E1ADF2E024999C9E00CE6B56 /* PageControl.swift */; };
		E1B114F7246C789000CA86DA /* LandingView.swift in Sources */ = {isa = PBXBuildFile; fileRef = E1B114F6246C789000CA86DA /* LandingView.swift */; };
		E1B11501246DDDF100CA86DA /* awsconfiguration.json in Resources */ = {isa = PBXBuildFile; fileRef = E1B11500246DDDF100CA86DA /* awsconfiguration.json */; };
		E1B1150824719CCC00CA86DA /* WelfLogo.swift in Sources */ = {isa = PBXBuildFile; fileRef = E1B1150724719CCC00CA86DA /* WelfLogo.swift */; };
		E1B1150A2471A8C600CA86DA /* LoginView.swift in Sources */ = {isa = PBXBuildFile; fileRef = E1B115092471A8C600CA86DA /* LoginView.swift */; };
		E1B1150C2471A99100CA86DA /* SignOutButton.swift in Sources */ = {isa = PBXBuildFile; fileRef = E1B1150B2471A99100CA86DA /* SignOutButton.swift */; };
		E1B115122471EB5A00CA86DA /* AuthenticationService.swift in Sources */ = {isa = PBXBuildFile; fileRef = E1B115112471EB5A00CA86DA /* AuthenticationService.swift */; };
		E1B1151424720CBD00CA86DA /* KeyboardAwareModifier.swift in Sources */ = {isa = PBXBuildFile; fileRef = E1B1151324720CBD00CA86DA /* KeyboardAwareModifier.swift */; };
		E1B115172472111300CA86DA /* AuthorisedLandingView.swift in Sources */ = {isa = PBXBuildFile; fileRef = E1B115162472111300CA86DA /* AuthorisedLandingView.swift */; };
		E1B3D7F32413A1A70047D618 /* UnauthorisedLandingView.swift in Sources */ = {isa = PBXBuildFile; fileRef = E1B3D7F22413A1A70047D618 /* UnauthorisedLandingView.swift */; };
		E1B3D7F82413D52A0047D618 /* GenericNavigationButton.swift in Sources */ = {isa = PBXBuildFile; fileRef = E1B3D7F72413D52A0047D618 /* GenericNavigationButton.swift */; };
		E1B3D7FA24266D0A0047D618 /* HostingController.swift in Sources */ = {isa = PBXBuildFile; fileRef = E1B3D7F924266D0A0047D618 /* HostingController.swift */; };
		E1C7650D2411D4F700D37181 /* Logo.swift in Sources */ = {isa = PBXBuildFile; fileRef = E1C7650C2411D4F700D37181 /* Logo.swift */; };
		E1C765102411D72300D37181 /* GenericText.swift in Sources */ = {isa = PBXBuildFile; fileRef = E1C7650F2411D72300D37181 /* GenericText.swift */; };
		E1C765122411E62200D37181 /* Description.swift in Sources */ = {isa = PBXBuildFile; fileRef = E1C765112411E62200D37181 /* Description.swift */; };
		E1C765142411E78F00D37181 /* GenericButton.swift in Sources */ = {isa = PBXBuildFile; fileRef = E1C765132411E78F00D37181 /* GenericButton.swift */; };
		E1C765162411E9CF00D37181 /* Login.swift in Sources */ = {isa = PBXBuildFile; fileRef = E1C765152411E9CF00D37181 /* Login.swift */; };
		E1C7651A2411F71400D37181 /* GenericTextButton.swift in Sources */ = {isa = PBXBuildFile; fileRef = E1C765192411F71400D37181 /* GenericTextButton.swift */; };
		E1E995F02490238B00A53A84 /* SignUpService.swift in Sources */ = {isa = PBXBuildFile; fileRef = E1E995EF2490238B00A53A84 /* SignUpService.swift */; };
		E1F3976B248083890017A29F /* GenericResizeableIconButton.swift in Sources */ = {isa = PBXBuildFile; fileRef = E1F3976A248083890017A29F /* GenericResizeableIconButton.swift */; };
		E1F3976E24808ABD0017A29F /* CreateAccountDismissalBarView.swift in Sources */ = {isa = PBXBuildFile; fileRef = E1F3976D24808ABD0017A29F /* CreateAccountDismissalBarView.swift */; };
		E1F397702481D0220017A29F /* GenericTextField.swift in Sources */ = {isa = PBXBuildFile; fileRef = E1F3976F2481D0220017A29F /* GenericTextField.swift */; };
		E1F397722481D65A0017A29F /* GenericSecureField.swift in Sources */ = {isa = PBXBuildFile; fileRef = E1F397712481D65A0017A29F /* GenericSecureField.swift */; };
		E1F397752482BC5F0017A29F /* UIApplicationExtensions.swift in Sources */ = {isa = PBXBuildFile; fileRef = E1F397742482BC5F0017A29F /* UIApplicationExtensions.swift */; };
		E1F397772482C8560017A29F /* ViewExtensions.swift in Sources */ = {isa = PBXBuildFile; fileRef = E1F397762482C8560017A29F /* ViewExtensions.swift */; };
		E1F397792482D9850017A29F /* KeyboardRemovalOnDragModifier.swift in Sources */ = {isa = PBXBuildFile; fileRef = E1F397782482D9850017A29F /* KeyboardRemovalOnDragModifier.swift */; };
		E1FEC911248730F900D4DDBE /* KeyboardResponder.swift in Sources */ = {isa = PBXBuildFile; fileRef = E1FEC910248730F900D4DDBE /* KeyboardResponder.swift */; };
/* End PBXBuildFile section */

/* Begin PBXContainerItemProxy section */
		E1194693240B97D9007BE44A /* PBXContainerItemProxy */ = {
			isa = PBXContainerItemProxy;
			containerPortal = E1194671240B97D7007BE44A /* Project object */;
			proxyType = 1;
			remoteGlobalIDString = E1194678240B97D7007BE44A;
			remoteInfo = Welf;
		};
		E119469E240B97D9007BE44A /* PBXContainerItemProxy */ = {
			isa = PBXContainerItemProxy;
			containerPortal = E1194671240B97D7007BE44A /* Project object */;
			proxyType = 1;
			remoteGlobalIDString = E1194678240B97D7007BE44A;
			remoteInfo = Welf;
		};
/* End PBXContainerItemProxy section */

/* Begin PBXFileReference section */
		0E5ACF9A7D3DC95CAD630CB6 /* Pods_Welf.framework */ = {isa = PBXFileReference; explicitFileType = wrapper.framework; includeInIndex = 0; path = Pods_Welf.framework; sourceTree = BUILT_PRODUCTS_DIR; };
		3308F9E209BCCBFE5D6023BB /* Pods_Welf_WelfUITests.framework */ = {isa = PBXFileReference; explicitFileType = wrapper.framework; includeInIndex = 0; path = Pods_Welf_WelfUITests.framework; sourceTree = BUILT_PRODUCTS_DIR; };
		379E9DF0A59F8370A7BD661E /* Pods-Welf.release.xcconfig */ = {isa = PBXFileReference; includeInIndex = 1; lastKnownFileType = text.xcconfig; name = "Pods-Welf.release.xcconfig"; path = "Target Support Files/Pods-Welf/Pods-Welf.release.xcconfig"; sourceTree = "<group>"; };
		6410C5C43247DA9F6AE41181 /* Pods-WelfTests.release.xcconfig */ = {isa = PBXFileReference; includeInIndex = 1; lastKnownFileType = text.xcconfig; name = "Pods-WelfTests.release.xcconfig"; path = "Target Support Files/Pods-WelfTests/Pods-WelfTests.release.xcconfig"; sourceTree = "<group>"; };
		7C9F3A39371F3B880EED2E03 /* Pods-Welf.debug.xcconfig */ = {isa = PBXFileReference; includeInIndex = 1; lastKnownFileType = text.xcconfig; name = "Pods-Welf.debug.xcconfig"; path = "Target Support Files/Pods-Welf/Pods-Welf.debug.xcconfig"; sourceTree = "<group>"; };
		8A601531AAB9395CDBE46055 /* Pods_WelfTests.framework */ = {isa = PBXFileReference; explicitFileType = wrapper.framework; includeInIndex = 0; path = Pods_WelfTests.framework; sourceTree = BUILT_PRODUCTS_DIR; };
		94110CCF82860220C117DF93 /* Pods-Welf-WelfUITests.release.xcconfig */ = {isa = PBXFileReference; includeInIndex = 1; lastKnownFileType = text.xcconfig; name = "Pods-Welf-WelfUITests.release.xcconfig"; path = "Target Support Files/Pods-Welf-WelfUITests/Pods-Welf-WelfUITests.release.xcconfig"; sourceTree = "<group>"; };
		A43CCE015E549F1F16F237F9 /* Pods-WelfTests.debug.xcconfig */ = {isa = PBXFileReference; includeInIndex = 1; lastKnownFileType = text.xcconfig; name = "Pods-WelfTests.debug.xcconfig"; path = "Target Support Files/Pods-WelfTests/Pods-WelfTests.debug.xcconfig"; sourceTree = "<group>"; };
		DB2692F30DF31CF77A9EEBBA /* Pods-Welf-WelfUITests.debug.xcconfig */ = {isa = PBXFileReference; includeInIndex = 1; lastKnownFileType = text.xcconfig; name = "Pods-Welf-WelfUITests.debug.xcconfig"; path = "Target Support Files/Pods-Welf-WelfUITests/Pods-Welf-WelfUITests.debug.xcconfig"; sourceTree = "<group>"; };
		E109A26924AB84CB007F21B2 /* UsernameCheck.swift */ = {isa = PBXFileReference; lastKnownFileType = sourcecode.swift; path = UsernameCheck.swift; sourceTree = "<group>"; };
		E109A26E24AC0555007F21B2 /* PasswordStrengthMeter.swift */ = {isa = PBXFileReference; lastKnownFileType = sourcecode.swift; path = PasswordStrengthMeter.swift; sourceTree = "<group>"; };
		E109A27024AC05B5007F21B2 /* PasswordUtil.swift */ = {isa = PBXFileReference; lastKnownFileType = sourcecode.swift; path = PasswordUtil.swift; sourceTree = "<group>"; };
		E109A27224AD1326007F21B2 /* PasswordStrengthMeterIndicator.swift */ = {isa = PBXFileReference; lastKnownFileType = sourcecode.swift; path = PasswordStrengthMeterIndicator.swift; sourceTree = "<group>"; };
		E109A27424AD1531007F21B2 /* SecondStep.swift */ = {isa = PBXFileReference; lastKnownFileType = sourcecode.swift; path = SecondStep.swift; sourceTree = "<group>"; };
		E109A27624AD260B007F21B2 /* SignUpNameService.swift */ = {isa = PBXFileReference; lastKnownFileType = sourcecode.swift; path = SignUpNameService.swift; sourceTree = "<group>"; };
		E109A27824AD2920007F21B2 /* SignUpUserCredentialsService.swift */ = {isa = PBXFileReference; lastKnownFileType = sourcecode.swift; path = SignUpUserCredentialsService.swift; sourceTree = "<group>"; };
		E109A27A24AD2B8C007F21B2 /* UsernameHelper.swift */ = {isa = PBXFileReference; lastKnownFileType = sourcecode.swift; path = UsernameHelper.swift; sourceTree = "<group>"; };
		E109A27E24AD373D007F21B2 /* SignUpContactDetailsService.swift */ = {isa = PBXFileReference; lastKnownFileType = sourcecode.swift; path = SignUpContactDetailsService.swift; sourceTree = "<group>"; };
		E110AB4724B0C76700AA144D /* PortraitOrientationLockModifier.swift */ = {isa = PBXFileReference; lastKnownFileType = sourcecode.swift; path = PortraitOrientationLockModifier.swift; sourceTree = "<group>"; };
		E1194679240B97D7007BE44A /* Welf.app */ = {isa = PBXFileReference; explicitFileType = wrapper.application; includeInIndex = 0; path = Welf.app; sourceTree = BUILT_PRODUCTS_DIR; };
		E119467C240B97D7007BE44A /* AppDelegate.swift */ = {isa = PBXFileReference; lastKnownFileType = sourcecode.swift; path = AppDelegate.swift; sourceTree = "<group>"; };
		E119467E240B97D7007BE44A /* SceneDelegate.swift */ = {isa = PBXFileReference; lastKnownFileType = sourcecode.swift; path = SceneDelegate.swift; sourceTree = "<group>"; };
		E1194681240B97D7007BE44A /* Welf.xcdatamodel */ = {isa = PBXFileReference; lastKnownFileType = wrapper.xcdatamodel; path = Welf.xcdatamodel; sourceTree = "<group>"; };
		E1194685240B97D9007BE44A /* Assets.xcassets */ = {isa = PBXFileReference; lastKnownFileType = folder.assetcatalog; path = Assets.xcassets; sourceTree = "<group>"; };
		E1194688240B97D9007BE44A /* Preview Assets.xcassets */ = {isa = PBXFileReference; lastKnownFileType = folder.assetcatalog; path = "Preview Assets.xcassets"; sourceTree = "<group>"; };
		E119468B240B97D9007BE44A /* Base */ = {isa = PBXFileReference; lastKnownFileType = file.storyboard; name = Base; path = Base.lproj/LaunchScreen.storyboard; sourceTree = "<group>"; };
		E119468D240B97D9007BE44A /* Info.plist */ = {isa = PBXFileReference; lastKnownFileType = text.plist.xml; path = Info.plist; sourceTree = "<group>"; };
		E1194692240B97D9007BE44A /* WelfTests.xctest */ = {isa = PBXFileReference; explicitFileType = wrapper.cfbundle; includeInIndex = 0; path = WelfTests.xctest; sourceTree = BUILT_PRODUCTS_DIR; };
		E1194696240B97D9007BE44A /* WelfTests.swift */ = {isa = PBXFileReference; lastKnownFileType = sourcecode.swift; path = WelfTests.swift; sourceTree = "<group>"; };
		E1194698240B97D9007BE44A /* Info.plist */ = {isa = PBXFileReference; lastKnownFileType = text.plist.xml; path = Info.plist; sourceTree = "<group>"; };
		E119469D240B97D9007BE44A /* WelfUITests.xctest */ = {isa = PBXFileReference; explicitFileType = wrapper.cfbundle; includeInIndex = 0; path = WelfUITests.xctest; sourceTree = BUILT_PRODUCTS_DIR; };
		E11946A1240B97D9007BE44A /* WelfUITests.swift */ = {isa = PBXFileReference; lastKnownFileType = sourcecode.swift; path = WelfUITests.swift; sourceTree = "<group>"; };
		E11946A3240B97D9007BE44A /* Info.plist */ = {isa = PBXFileReference; lastKnownFileType = text.plist.xml; path = Info.plist; sourceTree = "<group>"; };
		E1246D71249ED13300EE3A77 /* FirstStep.swift */ = {isa = PBXFileReference; lastKnownFileType = sourcecode.swift; path = FirstStep.swift; sourceTree = "<group>"; };
		E1246D75249FD16D00EE3A77 /* GenericTextFieldWithValidation.swift */ = {isa = PBXFileReference; lastKnownFileType = sourcecode.swift; path = GenericTextFieldWithValidation.swift; sourceTree = "<group>"; };
		E1246D7724AA6D5000EE3A77 /* SystemServices.swift */ = {isa = PBXFileReference; lastKnownFileType = sourcecode.swift; path = SystemServices.swift; sourceTree = "<group>"; };
		E146EC2F247DC6F4007C2155 /* PasswordEntryView.swift */ = {isa = PBXFileReference; lastKnownFileType = sourcecode.swift; path = PasswordEntryView.swift; sourceTree = "<group>"; };
		E146EC31247DC9EF007C2155 /* UsernameEntryView.swift */ = {isa = PBXFileReference; lastKnownFileType = sourcecode.swift; path = UsernameEntryView.swift; sourceTree = "<group>"; };
		E146EC33247DCBC0007C2155 /* CredentialsEntryView.swift */ = {isa = PBXFileReference; lastKnownFileType = sourcecode.swift; path = CredentialsEntryView.swift; sourceTree = "<group>"; };
		E15D76BC2477602000F17A59 /* ForgotPasswordView.swift */ = {isa = PBXFileReference; lastKnownFileType = sourcecode.swift; path = ForgotPasswordView.swift; sourceTree = "<group>"; };
		E160AA782496695D00003771 /* SignUpView.swift */ = {isa = PBXFileReference; lastKnownFileType = sourcecode.swift; path = SignUpView.swift; sourceTree = "<group>"; };
		E164BD72249AE4530089021D /* PagedForm.swift */ = {isa = PBXFileReference; lastKnownFileType = sourcecode.swift; path = PagedForm.swift; sourceTree = "<group>"; };
		E164BD77249AF2A60089021D /* FormHeader.swift */ = {isa = PBXFileReference; lastKnownFileType = sourcecode.swift; path = FormHeader.swift; sourceTree = "<group>"; };
		E17102AC249B03C700FFED5A /* FirstPageNextButton.swift */ = {isa = PBXFileReference; lastKnownFileType = sourcecode.swift; path = FirstPageNextButton.swift; sourceTree = "<group>"; };
		E17102AF249B09EC00FFED5A /* SecondPageNextButton.swift */ = {isa = PBXFileReference; lastKnownFileType = sourcecode.swift; path = SecondPageNextButton.swift; sourceTree = "<group>"; };
		E17102B1249B0B5000FFED5A /* ForwardButton.swift */ = {isa = PBXFileReference; lastKnownFileType = sourcecode.swift; path = ForwardButton.swift; sourceTree = "<group>"; };
		E17102B3249B0DDF00FFED5A /* SignUpButton.swift */ = {isa = PBXFileReference; lastKnownFileType = sourcecode.swift; path = SignUpButton.swift; sourceTree = "<group>"; };
		E17102B5249B0F0100FFED5A /* BackButton.swift */ = {isa = PBXFileReference; lastKnownFileType = sourcecode.swift; path = BackButton.swift; sourceTree = "<group>"; };
		E1712C7D24883D93001B236B /* LoadingView.swift */ = {isa = PBXFileReference; lastKnownFileType = sourcecode.swift; path = LoadingView.swift; sourceTree = "<group>"; };
		E197F2BC24B0D3DD00486BB4 /* FinalStep.swift */ = {isa = PBXFileReference; lastKnownFileType = sourcecode.swift; path = FinalStep.swift; sourceTree = "<group>"; };
		E197F2BF24B287BA00486BB4 /* SignUpDto.swift */ = {isa = PBXFileReference; lastKnownFileType = sourcecode.swift; path = SignUpDto.swift; sourceTree = "<group>"; };
		E1ABFF5F247DDFC300FE6EE8 /* AuthenticationCallToActionView.swift */ = {isa = PBXFileReference; lastKnownFileType = sourcecode.swift; path = AuthenticationCallToActionView.swift; sourceTree = "<group>"; };
		E1ABFF65248064DA00FE6EE8 /* GenericResizeableButton.swift */ = {isa = PBXFileReference; lastKnownFileType = sourcecode.swift; path = GenericResizeableButton.swift; sourceTree = "<group>"; };
		E1ADF2E024999C9E00CE6B56 /* PageControl.swift */ = {isa = PBXFileReference; lastKnownFileType = sourcecode.swift; path = PageControl.swift; sourceTree = "<group>"; };
		E1B114F6246C789000CA86DA /* LandingView.swift */ = {isa = PBXFileReference; lastKnownFileType = sourcecode.swift; path = LandingView.swift; sourceTree = "<group>"; };
		E1B11500246DDDF100CA86DA /* awsconfiguration.json */ = {isa = PBXFileReference; fileEncoding = 4; lastKnownFileType = text.json; path = awsconfiguration.json; sourceTree = SOURCE_ROOT; };
		E1B1150724719CCC00CA86DA /* WelfLogo.swift */ = {isa = PBXFileReference; lastKnownFileType = sourcecode.swift; path = WelfLogo.swift; sourceTree = "<group>"; };
		E1B115092471A8C600CA86DA /* LoginView.swift */ = {isa = PBXFileReference; lastKnownFileType = sourcecode.swift; path = LoginView.swift; sourceTree = "<group>"; };
		E1B1150B2471A99100CA86DA /* SignOutButton.swift */ = {isa = PBXFileReference; lastKnownFileType = sourcecode.swift; path = SignOutButton.swift; sourceTree = "<group>"; };
		E1B115112471EB5A00CA86DA /* AuthenticationService.swift */ = {isa = PBXFileReference; lastKnownFileType = sourcecode.swift; path = AuthenticationService.swift; sourceTree = "<group>"; };
		E1B1151324720CBD00CA86DA /* KeyboardAwareModifier.swift */ = {isa = PBXFileReference; lastKnownFileType = sourcecode.swift; path = KeyboardAwareModifier.swift; sourceTree = "<group>"; };
		E1B115162472111300CA86DA /* AuthorisedLandingView.swift */ = {isa = PBXFileReference; lastKnownFileType = sourcecode.swift; path = AuthorisedLandingView.swift; sourceTree = "<group>"; };
		E1B3D7F22413A1A70047D618 /* UnauthorisedLandingView.swift */ = {isa = PBXFileReference; lastKnownFileType = sourcecode.swift; path = UnauthorisedLandingView.swift; sourceTree = "<group>"; };
		E1B3D7F72413D52A0047D618 /* GenericNavigationButton.swift */ = {isa = PBXFileReference; lastKnownFileType = sourcecode.swift; path = GenericNavigationButton.swift; sourceTree = "<group>"; };
		E1B3D7F924266D0A0047D618 /* HostingController.swift */ = {isa = PBXFileReference; lastKnownFileType = sourcecode.swift; path = HostingController.swift; sourceTree = "<group>"; };
		E1C7650C2411D4F700D37181 /* Logo.swift */ = {isa = PBXFileReference; lastKnownFileType = sourcecode.swift; path = Logo.swift; sourceTree = "<group>"; };
		E1C7650F2411D72300D37181 /* GenericText.swift */ = {isa = PBXFileReference; lastKnownFileType = sourcecode.swift; path = GenericText.swift; sourceTree = "<group>"; };
		E1C765112411E62200D37181 /* Description.swift */ = {isa = PBXFileReference; lastKnownFileType = sourcecode.swift; path = Description.swift; sourceTree = "<group>"; };
		E1C765132411E78F00D37181 /* GenericButton.swift */ = {isa = PBXFileReference; lastKnownFileType = sourcecode.swift; path = GenericButton.swift; sourceTree = "<group>"; };
		E1C765152411E9CF00D37181 /* Login.swift */ = {isa = PBXFileReference; lastKnownFileType = sourcecode.swift; path = Login.swift; sourceTree = "<group>"; };
		E1C765192411F71400D37181 /* GenericTextButton.swift */ = {isa = PBXFileReference; lastKnownFileType = sourcecode.swift; path = GenericTextButton.swift; sourceTree = "<group>"; };
		E1E995EF2490238B00A53A84 /* SignUpService.swift */ = {isa = PBXFileReference; lastKnownFileType = sourcecode.swift; path = SignUpService.swift; sourceTree = "<group>"; };
		E1F3976A248083890017A29F /* GenericResizeableIconButton.swift */ = {isa = PBXFileReference; lastKnownFileType = sourcecode.swift; path = GenericResizeableIconButton.swift; sourceTree = "<group>"; };
		E1F3976D24808ABD0017A29F /* CreateAccountDismissalBarView.swift */ = {isa = PBXFileReference; lastKnownFileType = sourcecode.swift; path = CreateAccountDismissalBarView.swift; sourceTree = "<group>"; };
		E1F3976F2481D0220017A29F /* GenericTextField.swift */ = {isa = PBXFileReference; lastKnownFileType = sourcecode.swift; path = GenericTextField.swift; sourceTree = "<group>"; };
		E1F397712481D65A0017A29F /* GenericSecureField.swift */ = {isa = PBXFileReference; lastKnownFileType = sourcecode.swift; path = GenericSecureField.swift; sourceTree = "<group>"; };
		E1F397742482BC5F0017A29F /* UIApplicationExtensions.swift */ = {isa = PBXFileReference; lastKnownFileType = sourcecode.swift; path = UIApplicationExtensions.swift; sourceTree = "<group>"; };
		E1F397762482C8560017A29F /* ViewExtensions.swift */ = {isa = PBXFileReference; lastKnownFileType = sourcecode.swift; path = ViewExtensions.swift; sourceTree = "<group>"; };
		E1F397782482D9850017A29F /* KeyboardRemovalOnDragModifier.swift */ = {isa = PBXFileReference; lastKnownFileType = sourcecode.swift; path = KeyboardRemovalOnDragModifier.swift; sourceTree = "<group>"; };
		E1FEC910248730F900D4DDBE /* KeyboardResponder.swift */ = {isa = PBXFileReference; lastKnownFileType = sourcecode.swift; path = KeyboardResponder.swift; sourceTree = "<group>"; };
/* End PBXFileReference section */

/* Begin PBXFrameworksBuildPhase section */
		E1194676240B97D7007BE44A /* Frameworks */ = {
			isa = PBXFrameworksBuildPhase;
			buildActionMask = 2147483647;
			files = (
				2AC9A5641EA58AEF084BD1B9 /* Pods_Welf.framework in Frameworks */,
			);
			runOnlyForDeploymentPostprocessing = 0;
		};
		E119468F240B97D9007BE44A /* Frameworks */ = {
			isa = PBXFrameworksBuildPhase;
			buildActionMask = 2147483647;
			files = (
				18E5BA19B4E61AF109AC461F /* Pods_WelfTests.framework in Frameworks */,
			);
			runOnlyForDeploymentPostprocessing = 0;
		};
		E119469A240B97D9007BE44A /* Frameworks */ = {
			isa = PBXFrameworksBuildPhase;
			buildActionMask = 2147483647;
			files = (
				5DCF7C0E4668554B12C2EE45 /* Pods_Welf_WelfUITests.framework in Frameworks */,
			);
			runOnlyForDeploymentPostprocessing = 0;
		};
/* End PBXFrameworksBuildPhase section */

/* Begin PBXGroup section */
		87A12CDB5A44A6020448BBD0 /* Pods */ = {
			isa = PBXGroup;
			children = (
				7C9F3A39371F3B880EED2E03 /* Pods-Welf.debug.xcconfig */,
				379E9DF0A59F8370A7BD661E /* Pods-Welf.release.xcconfig */,
				DB2692F30DF31CF77A9EEBBA /* Pods-Welf-WelfUITests.debug.xcconfig */,
				94110CCF82860220C117DF93 /* Pods-Welf-WelfUITests.release.xcconfig */,
				A43CCE015E549F1F16F237F9 /* Pods-WelfTests.debug.xcconfig */,
				6410C5C43247DA9F6AE41181 /* Pods-WelfTests.release.xcconfig */,
			);
			path = Pods;
			sourceTree = "<group>";
		};
		D81FFF281690BB3A18CE63A4 /* Frameworks */ = {
			isa = PBXGroup;
			children = (
				0E5ACF9A7D3DC95CAD630CB6 /* Pods_Welf.framework */,
				3308F9E209BCCBFE5D6023BB /* Pods_Welf_WelfUITests.framework */,
				8A601531AAB9395CDBE46055 /* Pods_WelfTests.framework */,
			);
			name = Frameworks;
			sourceTree = "<group>";
		};
		E109A26824AB84AE007F21B2 /* Enums */ = {
			isa = PBXGroup;
			children = (
				E109A26924AB84CB007F21B2 /* UsernameCheck.swift */,
				E109A26E24AC0555007F21B2 /* PasswordStrengthMeter.swift */,
			);
			path = Enums;
			sourceTree = "<group>";
		};
		E109A26D24AC04E9007F21B2 /* Utils */ = {
			isa = PBXGroup;
			children = (
				E109A27024AC05B5007F21B2 /* PasswordUtil.swift */,
				E109A27A24AD2B8C007F21B2 /* UsernameHelper.swift */,
			);
			path = Utils;
			sourceTree = "<group>";
		};
		E1194670240B97D7007BE44A = {
			isa = PBXGroup;
			children = (
				E119467B240B97D7007BE44A /* Welf */,
				E1194695240B97D9007BE44A /* WelfTests */,
				E11946A0240B97D9007BE44A /* WelfUITests */,
				E119467A240B97D7007BE44A /* Products */,
				87A12CDB5A44A6020448BBD0 /* Pods */,
				D81FFF281690BB3A18CE63A4 /* Frameworks */,
			);
			sourceTree = "<group>";
		};
		E119467A240B97D7007BE44A /* Products */ = {
			isa = PBXGroup;
			children = (
				E1194679240B97D7007BE44A /* Welf.app */,
				E1194692240B97D9007BE44A /* WelfTests.xctest */,
				E119469D240B97D9007BE44A /* WelfUITests.xctest */,
			);
			name = Products;
			sourceTree = "<group>";
		};
		E119467B240B97D7007BE44A /* Welf */ = {
			isa = PBXGroup;
			children = (
				E1C7650B2411D31800D37181 /* Unauthorised */,
				E1B11515247210B900CA86DA /* Authorised */,
				E1B115102471EB3200CA86DA /* Services */,
				E1C7650E2411D69200D37181 /* Common */,
				E1B114F6246C789000CA86DA /* LandingView.swift */,
				E119467C240B97D7007BE44A /* AppDelegate.swift */,
				E119467E240B97D7007BE44A /* SceneDelegate.swift */,
				E1B3D7F924266D0A0047D618 /* HostingController.swift */,
				E1194685240B97D9007BE44A /* Assets.xcassets */,
				E119468A240B97D9007BE44A /* LaunchScreen.storyboard */,
				E119468D240B97D9007BE44A /* Info.plist */,
				E1B11500246DDDF100CA86DA /* awsconfiguration.json */,
				E1194680240B97D7007BE44A /* Welf.xcdatamodeld */,
				E1194687240B97D9007BE44A /* Preview Content */,
			);
			path = Welf;
			sourceTree = "<group>";
		};
		E1194687240B97D9007BE44A /* Preview Content */ = {
			isa = PBXGroup;
			children = (
				E1194688240B97D9007BE44A /* Preview Assets.xcassets */,
			);
			path = "Preview Content";
			sourceTree = "<group>";
		};
		E1194695240B97D9007BE44A /* WelfTests */ = {
			isa = PBXGroup;
			children = (
				E1194696240B97D9007BE44A /* WelfTests.swift */,
				E1194698240B97D9007BE44A /* Info.plist */,
			);
			path = WelfTests;
			sourceTree = "<group>";
		};
		E11946A0240B97D9007BE44A /* WelfUITests */ = {
			isa = PBXGroup;
			children = (
				E11946A1240B97D9007BE44A /* WelfUITests.swift */,
				E11946A3240B97D9007BE44A /* Info.plist */,
			);
			path = WelfUITests;
			sourceTree = "<group>";
		};
		E15D76BB24775FFD00F17A59 /* ForgotPassword */ = {
			isa = PBXGroup;
			children = (
				E15D76BC2477602000F17A59 /* ForgotPasswordView.swift */,
			);
			path = ForgotPassword;
			sourceTree = "<group>";
		};
		E15D76BE247DC5AA00F17A59 /* Login */ = {
			isa = PBXGroup;
			children = (
				E1ABFF63247DE13000FE6EE8 /* PartialViews */,
				E1B115092471A8C600CA86DA /* LoginView.swift */,
			);
			path = Login;
			sourceTree = "<group>";
		};
		E197F2BE24B2879600486BB4 /* DTOs */ = {
			isa = PBXGroup;
			children = (
				E197F2BF24B287BA00486BB4 /* SignUpDto.swift */,
			);
			path = DTOs;
			sourceTree = "<group>";
		};
		E1ABFF63247DE13000FE6EE8 /* PartialViews */ = {
			isa = PBXGroup;
			children = (
				E146EC2F247DC6F4007C2155 /* PasswordEntryView.swift */,
				E146EC31247DC9EF007C2155 /* UsernameEntryView.swift */,
				E146EC33247DCBC0007C2155 /* CredentialsEntryView.swift */,
				E1ABFF5F247DDFC300FE6EE8 /* AuthenticationCallToActionView.swift */,
			);
			path = PartialViews;
			sourceTree = "<group>";
		};
		E1ABFF64247DE1E400FE6EE8 /* PartialViews */ = {
			isa = PBXGroup;
			children = (
				E1C765112411E62200D37181 /* Description.swift */,
				E1C765152411E9CF00D37181 /* Login.swift */,
			);
			path = PartialViews;
			sourceTree = "<group>";
		};
		E1B115102471EB3200CA86DA /* Services */ = {
			isa = PBXGroup;
			children = (
				E197F2BE24B2879600486BB4 /* DTOs */,
				E109A26D24AC04E9007F21B2 /* Utils */,
				E109A26824AB84AE007F21B2 /* Enums */,
				E1E995EF2490238B00A53A84 /* SignUpService.swift */,
				E109A27624AD260B007F21B2 /* SignUpNameService.swift */,
				E109A27824AD2920007F21B2 /* SignUpUserCredentialsService.swift */,
				E109A27E24AD373D007F21B2 /* SignUpContactDetailsService.swift */,
				E1B115112471EB5A00CA86DA /* AuthenticationService.swift */,
				E1246D7724AA6D5000EE3A77 /* SystemServices.swift */,
			);
			path = Services;
			sourceTree = "<group>";
		};
		E1B11515247210B900CA86DA /* Authorised */ = {
			isa = PBXGroup;
			children = (
				E1F8325E247DCD2E00D93439 /* SignOut */,
				E1F8325D247DCCFB00D93439 /* Landing */,
			);
			path = Authorised;
			sourceTree = "<group>";
		};
		E1B3D7F42413C92C0047D618 /* SignUp */ = {
			isa = PBXGroup;
			children = (
				E1F3976C248088850017A29F /* PartialViews */,
				E160AA782496695D00003771 /* SignUpView.swift */,
			);
			path = SignUp;
			sourceTree = "<group>";
		};
		E1C7650B2411D31800D37181 /* Unauthorised */ = {
			isa = PBXGroup;
			children = (
				E1F8325B247DCCB200D93439 /* Landing */,
				E15D76BE247DC5AA00F17A59 /* Login */,
				E15D76BB24775FFD00F17A59 /* ForgotPassword */,
				E1B3D7F42413C92C0047D618 /* SignUp */,
			);
			path = Unauthorised;
			sourceTree = "<group>";
		};
		E1C7650E2411D69200D37181 /* Common */ = {
			isa = PBXGroup;
			children = (
				E1FEC9132487357F00D4DDBE /* Responders */,
				E1FEC9122487354800D4DDBE /* CommonViews */,
				E1F397732482BC180017A29F /* Extensions */,
				E1F8325C247DCCDD00D93439 /* Modifiers */,
			);
			path = Common;
			sourceTree = "<group>";
		};
		E1F3976C248088850017A29F /* PartialViews */ = {
			isa = PBXGroup;
			children = (
				E164BD77249AF2A60089021D /* FormHeader.swift */,
				E1F3976D24808ABD0017A29F /* CreateAccountDismissalBarView.swift */,
				E1ADF2E024999C9E00CE6B56 /* PageControl.swift */,
				E1246D71249ED13300EE3A77 /* FirstStep.swift */,
				E109A27424AD1531007F21B2 /* SecondStep.swift */,
				E197F2BC24B0D3DD00486BB4 /* FinalStep.swift */,
				E164BD72249AE4530089021D /* PagedForm.swift */,
				E17102AC249B03C700FFED5A /* FirstPageNextButton.swift */,
				E17102AF249B09EC00FFED5A /* SecondPageNextButton.swift */,
				E17102B3249B0DDF00FFED5A /* SignUpButton.swift */,
				E17102B1249B0B5000FFED5A /* ForwardButton.swift */,
				E17102B5249B0F0100FFED5A /* BackButton.swift */,
				E109A27224AD1326007F21B2 /* PasswordStrengthMeterIndicator.swift */,
			);
			path = PartialViews;
			sourceTree = "<group>";
		};
		E1F397732482BC180017A29F /* Extensions */ = {
			isa = PBXGroup;
			children = (
				E1F397742482BC5F0017A29F /* UIApplicationExtensions.swift */,
				E1F397762482C8560017A29F /* ViewExtensions.swift */,
			);
			path = Extensions;
			sourceTree = "<group>";
		};
		E1F8325B247DCCB200D93439 /* Landing */ = {
			isa = PBXGroup;
			children = (
				E1ABFF64247DE1E400FE6EE8 /* PartialViews */,
				E1B3D7F22413A1A70047D618 /* UnauthorisedLandingView.swift */,
			);
			path = Landing;
			sourceTree = "<group>";
		};
		E1F8325C247DCCDD00D93439 /* Modifiers */ = {
			isa = PBXGroup;
			children = (
				E1B1151324720CBD00CA86DA /* KeyboardAwareModifier.swift */,
				E1F397782482D9850017A29F /* KeyboardRemovalOnDragModifier.swift */,
				E110AB4724B0C76700AA144D /* PortraitOrientationLockModifier.swift */,
			);
			path = Modifiers;
			sourceTree = "<group>";
		};
		E1F8325D247DCCFB00D93439 /* Landing */ = {
			isa = PBXGroup;
			children = (
				E1B115162472111300CA86DA /* AuthorisedLandingView.swift */,
			);
			path = Landing;
			sourceTree = "<group>";
		};
		E1F8325E247DCD2E00D93439 /* SignOut */ = {
			isa = PBXGroup;
			children = (
				E1B1150B2471A99100CA86DA /* SignOutButton.swift */,
			);
			path = SignOut;
			sourceTree = "<group>";
		};
		E1FEC9122487354800D4DDBE /* CommonViews */ = {
			isa = PBXGroup;
			children = (
				E1C7650C2411D4F700D37181 /* Logo.swift */,
				E1C7650F2411D72300D37181 /* GenericText.swift */,
				E1C765132411E78F00D37181 /* GenericButton.swift */,
				E1C765192411F71400D37181 /* GenericTextButton.swift */,
				E1B3D7F72413D52A0047D618 /* GenericNavigationButton.swift */,
				E1B1150724719CCC00CA86DA /* WelfLogo.swift */,
				E1ABFF65248064DA00FE6EE8 /* GenericResizeableButton.swift */,
				E1F3976A248083890017A29F /* GenericResizeableIconButton.swift */,
				E1F3976F2481D0220017A29F /* GenericTextField.swift */,
				E1246D75249FD16D00EE3A77 /* GenericTextFieldWithValidation.swift */,
				E1F397712481D65A0017A29F /* GenericSecureField.swift */,
				E1712C7D24883D93001B236B /* LoadingView.swift */,
			);
			path = CommonViews;
			sourceTree = "<group>";
		};
		E1FEC9132487357F00D4DDBE /* Responders */ = {
			isa = PBXGroup;
			children = (
				E1FEC910248730F900D4DDBE /* KeyboardResponder.swift */,
			);
			path = Responders;
			sourceTree = "<group>";
		};
/* End PBXGroup section */

/* Begin PBXNativeTarget section */
		E1194678240B97D7007BE44A /* Welf */ = {
			isa = PBXNativeTarget;
			buildConfigurationList = E11946A6240B97D9007BE44A /* Build configuration list for PBXNativeTarget "Welf" */;
			buildPhases = (
				F2EB3CA21305EE1625FAEC6F /* [CP] Check Pods Manifest.lock */,
				E1194675240B97D7007BE44A /* Sources */,
				E1194676240B97D7007BE44A /* Frameworks */,
				E1194677240B97D7007BE44A /* Resources */,
				DDFDE2C518DDB780F10FC008 /* [CP] Embed Pods Frameworks */,
			);
			buildRules = (
			);
			dependencies = (
			);
			name = Welf;
			productName = Welf;
			productReference = E1194679240B97D7007BE44A /* Welf.app */;
			productType = "com.apple.product-type.application";
		};
		E1194691240B97D9007BE44A /* WelfTests */ = {
			isa = PBXNativeTarget;
			buildConfigurationList = E11946A9240B97D9007BE44A /* Build configuration list for PBXNativeTarget "WelfTests" */;
			buildPhases = (
				5AF814B45FA1AF235C36B96C /* [CP] Check Pods Manifest.lock */,
				E119468E240B97D9007BE44A /* Sources */,
				E119468F240B97D9007BE44A /* Frameworks */,
				E1194690240B97D9007BE44A /* Resources */,
			);
			buildRules = (
			);
			dependencies = (
				E1194694240B97D9007BE44A /* PBXTargetDependency */,
			);
			name = WelfTests;
			productName = WelfTests;
			productReference = E1194692240B97D9007BE44A /* WelfTests.xctest */;
			productType = "com.apple.product-type.bundle.unit-test";
		};
		E119469C240B97D9007BE44A /* WelfUITests */ = {
			isa = PBXNativeTarget;
			buildConfigurationList = E11946AC240B97D9007BE44A /* Build configuration list for PBXNativeTarget "WelfUITests" */;
			buildPhases = (
				220C656578201D5C0E383A01 /* [CP] Check Pods Manifest.lock */,
				E1194699240B97D9007BE44A /* Sources */,
				E119469A240B97D9007BE44A /* Frameworks */,
				E119469B240B97D9007BE44A /* Resources */,
				42F2C8B0DC9F53BA3B564DE4 /* [CP] Embed Pods Frameworks */,
			);
			buildRules = (
			);
			dependencies = (
				E119469F240B97D9007BE44A /* PBXTargetDependency */,
			);
			name = WelfUITests;
			productName = WelfUITests;
			productReference = E119469D240B97D9007BE44A /* WelfUITests.xctest */;
			productType = "com.apple.product-type.bundle.ui-testing";
		};
/* End PBXNativeTarget section */

/* Begin PBXProject section */
		E1194671240B97D7007BE44A /* Project object */ = {
			isa = PBXProject;
			attributes = {
				LastSwiftUpdateCheck = 1130;
				LastUpgradeCheck = 1130;
				ORGANIZATIONNAME = "Clement Oniovosa";
				TargetAttributes = {
					E1194678240B97D7007BE44A = {
						CreatedOnToolsVersion = 11.3.1;
					};
					E1194691240B97D9007BE44A = {
						CreatedOnToolsVersion = 11.3.1;
						TestTargetID = E1194678240B97D7007BE44A;
					};
					E119469C240B97D9007BE44A = {
						CreatedOnToolsVersion = 11.3.1;
						TestTargetID = E1194678240B97D7007BE44A;
					};
				};
			};
			buildConfigurationList = E1194674240B97D7007BE44A /* Build configuration list for PBXProject "Welf" */;
			compatibilityVersion = "Xcode 9.3";
			developmentRegion = en;
			hasScannedForEncodings = 0;
			knownRegions = (
				en,
				Base,
			);
			mainGroup = E1194670240B97D7007BE44A;
			productRefGroup = E119467A240B97D7007BE44A /* Products */;
			projectDirPath = "";
			projectRoot = "";
			targets = (
				E1194678240B97D7007BE44A /* Welf */,
				E1194691240B97D9007BE44A /* WelfTests */,
				E119469C240B97D9007BE44A /* WelfUITests */,
			);
		};
/* End PBXProject section */

/* Begin PBXResourcesBuildPhase section */
		E1194677240B97D7007BE44A /* Resources */ = {
			isa = PBXResourcesBuildPhase;
			buildActionMask = 2147483647;
			files = (
				E1B11501246DDDF100CA86DA /* awsconfiguration.json in Resources */,
				E119468C240B97D9007BE44A /* LaunchScreen.storyboard in Resources */,
				E1194689240B97D9007BE44A /* Preview Assets.xcassets in Resources */,
				E1194686240B97D9007BE44A /* Assets.xcassets in Resources */,
			);
			runOnlyForDeploymentPostprocessing = 0;
		};
		E1194690240B97D9007BE44A /* Resources */ = {
			isa = PBXResourcesBuildPhase;
			buildActionMask = 2147483647;
			files = (
			);
			runOnlyForDeploymentPostprocessing = 0;
		};
		E119469B240B97D9007BE44A /* Resources */ = {
			isa = PBXResourcesBuildPhase;
			buildActionMask = 2147483647;
			files = (
			);
			runOnlyForDeploymentPostprocessing = 0;
		};
/* End PBXResourcesBuildPhase section */

/* Begin PBXShellScriptBuildPhase section */
		220C656578201D5C0E383A01 /* [CP] Check Pods Manifest.lock */ = {
			isa = PBXShellScriptBuildPhase;
			buildActionMask = 2147483647;
			files = (
			);
			inputFileListPaths = (
			);
			inputPaths = (
				"${PODS_PODFILE_DIR_PATH}/Podfile.lock",
				"${PODS_ROOT}/Manifest.lock",
			);
			name = "[CP] Check Pods Manifest.lock";
			outputFileListPaths = (
			);
			outputPaths = (
				"$(DERIVED_FILE_DIR)/Pods-Welf-WelfUITests-checkManifestLockResult.txt",
			);
			runOnlyForDeploymentPostprocessing = 0;
			shellPath = /bin/sh;
			shellScript = "diff \"${PODS_PODFILE_DIR_PATH}/Podfile.lock\" \"${PODS_ROOT}/Manifest.lock\" > /dev/null\nif [ $? != 0 ] ; then\n    # print error to STDERR\n    echo \"error: The sandbox is not in sync with the Podfile.lock. Run 'pod install' or update your CocoaPods installation.\" >&2\n    exit 1\nfi\n# This output is used by Xcode 'outputs' to avoid re-running this script phase.\necho \"SUCCESS\" > \"${SCRIPT_OUTPUT_FILE_0}\"\n";
			showEnvVarsInLog = 0;
		};
		42F2C8B0DC9F53BA3B564DE4 /* [CP] Embed Pods Frameworks */ = {
			isa = PBXShellScriptBuildPhase;
			buildActionMask = 2147483647;
			files = (
			);
			inputFileListPaths = (
				"${PODS_ROOT}/Target Support Files/Pods-Welf-WelfUITests/Pods-Welf-WelfUITests-frameworks-${CONFIGURATION}-input-files.xcfilelist",
			);
			name = "[CP] Embed Pods Frameworks";
			outputFileListPaths = (
				"${PODS_ROOT}/Target Support Files/Pods-Welf-WelfUITests/Pods-Welf-WelfUITests-frameworks-${CONFIGURATION}-output-files.xcfilelist",
			);
			runOnlyForDeploymentPostprocessing = 0;
			shellPath = /bin/sh;
			shellScript = "\"${PODS_ROOT}/Target Support Files/Pods-Welf-WelfUITests/Pods-Welf-WelfUITests-frameworks.sh\"\n";
			showEnvVarsInLog = 0;
		};
		5AF814B45FA1AF235C36B96C /* [CP] Check Pods Manifest.lock */ = {
			isa = PBXShellScriptBuildPhase;
			buildActionMask = 2147483647;
			files = (
			);
			inputFileListPaths = (
			);
			inputPaths = (
				"${PODS_PODFILE_DIR_PATH}/Podfile.lock",
				"${PODS_ROOT}/Manifest.lock",
			);
			name = "[CP] Check Pods Manifest.lock";
			outputFileListPaths = (
			);
			outputPaths = (
				"$(DERIVED_FILE_DIR)/Pods-WelfTests-checkManifestLockResult.txt",
			);
			runOnlyForDeploymentPostprocessing = 0;
			shellPath = /bin/sh;
			shellScript = "diff \"${PODS_PODFILE_DIR_PATH}/Podfile.lock\" \"${PODS_ROOT}/Manifest.lock\" > /dev/null\nif [ $? != 0 ] ; then\n    # print error to STDERR\n    echo \"error: The sandbox is not in sync with the Podfile.lock. Run 'pod install' or update your CocoaPods installation.\" >&2\n    exit 1\nfi\n# This output is used by Xcode 'outputs' to avoid re-running this script phase.\necho \"SUCCESS\" > \"${SCRIPT_OUTPUT_FILE_0}\"\n";
			showEnvVarsInLog = 0;
		};
		DDFDE2C518DDB780F10FC008 /* [CP] Embed Pods Frameworks */ = {
			isa = PBXShellScriptBuildPhase;
			buildActionMask = 2147483647;
			files = (
			);
			inputFileListPaths = (
				"${PODS_ROOT}/Target Support Files/Pods-Welf/Pods-Welf-frameworks-${CONFIGURATION}-input-files.xcfilelist",
			);
			name = "[CP] Embed Pods Frameworks";
			outputFileListPaths = (
				"${PODS_ROOT}/Target Support Files/Pods-Welf/Pods-Welf-frameworks-${CONFIGURATION}-output-files.xcfilelist",
			);
			runOnlyForDeploymentPostprocessing = 0;
			shellPath = /bin/sh;
			shellScript = "\"${PODS_ROOT}/Target Support Files/Pods-Welf/Pods-Welf-frameworks.sh\"\n";
			showEnvVarsInLog = 0;
		};
		F2EB3CA21305EE1625FAEC6F /* [CP] Check Pods Manifest.lock */ = {
			isa = PBXShellScriptBuildPhase;
			buildActionMask = 2147483647;
			files = (
			);
			inputFileListPaths = (
			);
			inputPaths = (
				"${PODS_PODFILE_DIR_PATH}/Podfile.lock",
				"${PODS_ROOT}/Manifest.lock",
			);
			name = "[CP] Check Pods Manifest.lock";
			outputFileListPaths = (
			);
			outputPaths = (
				"$(DERIVED_FILE_DIR)/Pods-Welf-checkManifestLockResult.txt",
			);
			runOnlyForDeploymentPostprocessing = 0;
			shellPath = /bin/sh;
			shellScript = "diff \"${PODS_PODFILE_DIR_PATH}/Podfile.lock\" \"${PODS_ROOT}/Manifest.lock\" > /dev/null\nif [ $? != 0 ] ; then\n    # print error to STDERR\n    echo \"error: The sandbox is not in sync with the Podfile.lock. Run 'pod install' or update your CocoaPods installation.\" >&2\n    exit 1\nfi\n# This output is used by Xcode 'outputs' to avoid re-running this script phase.\necho \"SUCCESS\" > \"${SCRIPT_OUTPUT_FILE_0}\"\n";
			showEnvVarsInLog = 0;
		};
/* End PBXShellScriptBuildPhase section */

/* Begin PBXSourcesBuildPhase section */
		E1194675240B97D7007BE44A /* Sources */ = {
			isa = PBXSourcesBuildPhase;
			buildActionMask = 2147483647;
			files = (
				E1F397702481D0220017A29F /* GenericTextField.swift in Sources */,
				E1E995F02490238B00A53A84 /* SignUpService.swift in Sources */,
				E119467D240B97D7007BE44A /* AppDelegate.swift in Sources */,
				E1F3976B248083890017A29F /* GenericResizeableIconButton.swift in Sources */,
				E109A27324AD1326007F21B2 /* PasswordStrengthMeterIndicator.swift in Sources */,
				E109A27124AC05B5007F21B2 /* PasswordUtil.swift in Sources */,
				E1B1150C2471A99100CA86DA /* SignOutButton.swift in Sources */,
				E1ADF2E124999C9E00CE6B56 /* PageControl.swift in Sources */,
				E17102B2249B0B5000FFED5A /* ForwardButton.swift in Sources */,
				E197F2C024B287BA00486BB4 /* SignUpDto.swift in Sources */,
				E1712C7E24883D93001B236B /* LoadingView.swift in Sources */,
				E109A27B24AD2B8C007F21B2 /* UsernameHelper.swift in Sources */,
				E1FEC911248730F900D4DDBE /* KeyboardResponder.swift in Sources */,
				E1C7650D2411D4F700D37181 /* Logo.swift in Sources */,
				E17102B6249B0F0100FFED5A /* BackButton.swift in Sources */,
				E197F2BD24B0D3DD00486BB4 /* FinalStep.swift in Sources */,
				E164BD73249AE4530089021D /* PagedForm.swift in Sources */,
				E17102B0249B09EC00FFED5A /* SecondPageNextButton.swift in Sources */,
				E1C765102411D72300D37181 /* GenericText.swift in Sources */,
				E1B3D7FA24266D0A0047D618 /* HostingController.swift in Sources */,
				E146EC30247DC6F4007C2155 /* PasswordEntryView.swift in Sources */,
				E1B114F7246C789000CA86DA /* LandingView.swift in Sources */,
				E1B1151424720CBD00CA86DA /* KeyboardAwareModifier.swift in Sources */,
				E1F397772482C8560017A29F /* ViewExtensions.swift in Sources */,
				E1246D7824AA6D5000EE3A77 /* SystemServices.swift in Sources */,
				E1B3D7F32413A1A70047D618 /* UnauthorisedLandingView.swift in Sources */,
				E109A27924AD2920007F21B2 /* SignUpUserCredentialsService.swift in Sources */,
				E1C765122411E62200D37181 /* Description.swift in Sources */,
				E110AB4824B0C76700AA144D /* PortraitOrientationLockModifier.swift in Sources */,
				E1246D76249FD16D00EE3A77 /* GenericTextFieldWithValidation.swift in Sources */,
				E1194682240B97D7007BE44A /* Welf.xcdatamodeld in Sources */,
				E15D76BD2477602000F17A59 /* ForgotPasswordView.swift in Sources */,
				E1B3D7F82413D52A0047D618 /* GenericNavigationButton.swift in Sources */,
				E1B1150824719CCC00CA86DA /* WelfLogo.swift in Sources */,
				E1246D72249ED13300EE3A77 /* FirstStep.swift in Sources */,
				E109A26A24AB84CB007F21B2 /* UsernameCheck.swift in Sources */,
				E1F3976E24808ABD0017A29F /* CreateAccountDismissalBarView.swift in Sources */,
				E1C765162411E9CF00D37181 /* Login.swift in Sources */,
				E164BD78249AF2A60089021D /* FormHeader.swift in Sources */,
				E160AA792496695D00003771 /* SignUpView.swift in Sources */,
				E1ABFF60247DDFC300FE6EE8 /* AuthenticationCallToActionView.swift in Sources */,
				E1B1150A2471A8C600CA86DA /* LoginView.swift in Sources */,
				E1B115172472111300CA86DA /* AuthorisedLandingView.swift in Sources */,
				E17102AD249B03C700FFED5A /* FirstPageNextButton.swift in Sources */,
				E109A27524AD1531007F21B2 /* SecondStep.swift in Sources */,
				E109A27724AD260B007F21B2 /* SignUpNameService.swift in Sources */,
				E119467F240B97D7007BE44A /* SceneDelegate.swift in Sources */,
				E1C7651A2411F71400D37181 /* GenericTextButton.swift in Sources */,
				E146EC34247DCBC0007C2155 /* CredentialsEntryView.swift in Sources */,
				E1F397722481D65A0017A29F /* GenericSecureField.swift in Sources */,
				E1F397792482D9850017A29F /* KeyboardRemovalOnDragModifier.swift in Sources */,
				E1C765142411E78F00D37181 /* GenericButton.swift in Sources */,
				E109A27F24AD373D007F21B2 /* SignUpContactDetailsService.swift in Sources */,
				E1B115122471EB5A00CA86DA /* AuthenticationService.swift in Sources */,
				E146EC32247DC9EF007C2155 /* UsernameEntryView.swift in Sources */,
				E1F397752482BC5F0017A29F /* UIApplicationExtensions.swift in Sources */,
				E109A26F24AC0555007F21B2 /* PasswordStrengthMeter.swift in Sources */,
				E1ABFF66248064DA00FE6EE8 /* GenericResizeableButton.swift in Sources */,
				E17102B4249B0DDF00FFED5A /* SignUpButton.swift in Sources */,
			);
			runOnlyForDeploymentPostprocessing = 0;
		};
		E119468E240B97D9007BE44A /* Sources */ = {
			isa = PBXSourcesBuildPhase;
			buildActionMask = 2147483647;
			files = (
				E1194697240B97D9007BE44A /* WelfTests.swift in Sources */,
			);
			runOnlyForDeploymentPostprocessing = 0;
		};
		E1194699240B97D9007BE44A /* Sources */ = {
			isa = PBXSourcesBuildPhase;
			buildActionMask = 2147483647;
			files = (
				E11946A2240B97D9007BE44A /* WelfUITests.swift in Sources */,
			);
			runOnlyForDeploymentPostprocessing = 0;
		};
/* End PBXSourcesBuildPhase section */

/* Begin PBXTargetDependency section */
		E1194694240B97D9007BE44A /* PBXTargetDependency */ = {
			isa = PBXTargetDependency;
			target = E1194678240B97D7007BE44A /* Welf */;
			targetProxy = E1194693240B97D9007BE44A /* PBXContainerItemProxy */;
		};
		E119469F240B97D9007BE44A /* PBXTargetDependency */ = {
			isa = PBXTargetDependency;
			target = E1194678240B97D7007BE44A /* Welf */;
			targetProxy = E119469E240B97D9007BE44A /* PBXContainerItemProxy */;
		};
/* End PBXTargetDependency section */

/* Begin PBXVariantGroup section */
		E119468A240B97D9007BE44A /* LaunchScreen.storyboard */ = {
			isa = PBXVariantGroup;
			children = (
				E119468B240B97D9007BE44A /* Base */,
			);
			name = LaunchScreen.storyboard;
			sourceTree = "<group>";
		};
/* End PBXVariantGroup section */

/* Begin XCBuildConfiguration section */
		E11946A4240B97D9007BE44A /* Debug */ = {
			isa = XCBuildConfiguration;
			buildSettings = {
				ALWAYS_SEARCH_USER_PATHS = NO;
				CLANG_ANALYZER_NONNULL = YES;
				CLANG_ANALYZER_NUMBER_OBJECT_CONVERSION = YES_AGGRESSIVE;
				CLANG_CXX_LANGUAGE_STANDARD = "gnu++14";
				CLANG_CXX_LIBRARY = "libc++";
				CLANG_ENABLE_MODULES = YES;
				CLANG_ENABLE_OBJC_ARC = YES;
				CLANG_ENABLE_OBJC_WEAK = YES;
				CLANG_WARN_BLOCK_CAPTURE_AUTORELEASING = YES;
				CLANG_WARN_BOOL_CONVERSION = YES;
				CLANG_WARN_COMMA = YES;
				CLANG_WARN_CONSTANT_CONVERSION = YES;
				CLANG_WARN_DEPRECATED_OBJC_IMPLEMENTATIONS = YES;
				CLANG_WARN_DIRECT_OBJC_ISA_USAGE = YES_ERROR;
				CLANG_WARN_DOCUMENTATION_COMMENTS = YES;
				CLANG_WARN_EMPTY_BODY = YES;
				CLANG_WARN_ENUM_CONVERSION = YES;
				CLANG_WARN_INFINITE_RECURSION = YES;
				CLANG_WARN_INT_CONVERSION = YES;
				CLANG_WARN_NON_LITERAL_NULL_CONVERSION = YES;
				CLANG_WARN_OBJC_IMPLICIT_RETAIN_SELF = YES;
				CLANG_WARN_OBJC_LITERAL_CONVERSION = YES;
				CLANG_WARN_OBJC_ROOT_CLASS = YES_ERROR;
				CLANG_WARN_RANGE_LOOP_ANALYSIS = YES;
				CLANG_WARN_STRICT_PROTOTYPES = YES;
				CLANG_WARN_SUSPICIOUS_MOVE = YES;
				CLANG_WARN_UNGUARDED_AVAILABILITY = YES_AGGRESSIVE;
				CLANG_WARN_UNREACHABLE_CODE = YES;
				CLANG_WARN__DUPLICATE_METHOD_MATCH = YES;
				COPY_PHASE_STRIP = NO;
				DEBUG_INFORMATION_FORMAT = dwarf;
				ENABLE_STRICT_OBJC_MSGSEND = YES;
				ENABLE_TESTABILITY = YES;
				GCC_C_LANGUAGE_STANDARD = gnu11;
				GCC_DYNAMIC_NO_PIC = NO;
				GCC_NO_COMMON_BLOCKS = YES;
				GCC_OPTIMIZATION_LEVEL = 0;
				GCC_PREPROCESSOR_DEFINITIONS = (
					"DEBUG=1",
					"$(inherited)",
				);
				GCC_WARN_64_TO_32_BIT_CONVERSION = YES;
				GCC_WARN_ABOUT_RETURN_TYPE = YES_ERROR;
				GCC_WARN_UNDECLARED_SELECTOR = YES;
				GCC_WARN_UNINITIALIZED_AUTOS = YES_AGGRESSIVE;
				GCC_WARN_UNUSED_FUNCTION = YES;
				GCC_WARN_UNUSED_VARIABLE = YES;
				IPHONEOS_DEPLOYMENT_TARGET = 13.5;
				MTL_ENABLE_DEBUG_INFO = INCLUDE_SOURCE;
				MTL_FAST_MATH = YES;
				ONLY_ACTIVE_ARCH = YES;
				SDKROOT = iphoneos;
				SWIFT_ACTIVE_COMPILATION_CONDITIONS = DEBUG;
				SWIFT_OPTIMIZATION_LEVEL = "-Onone";
			};
			name = Debug;
		};
		E11946A5240B97D9007BE44A /* Release */ = {
			isa = XCBuildConfiguration;
			buildSettings = {
				ALWAYS_SEARCH_USER_PATHS = NO;
				CLANG_ANALYZER_NONNULL = YES;
				CLANG_ANALYZER_NUMBER_OBJECT_CONVERSION = YES_AGGRESSIVE;
				CLANG_CXX_LANGUAGE_STANDARD = "gnu++14";
				CLANG_CXX_LIBRARY = "libc++";
				CLANG_ENABLE_MODULES = YES;
				CLANG_ENABLE_OBJC_ARC = YES;
				CLANG_ENABLE_OBJC_WEAK = YES;
				CLANG_WARN_BLOCK_CAPTURE_AUTORELEASING = YES;
				CLANG_WARN_BOOL_CONVERSION = YES;
				CLANG_WARN_COMMA = YES;
				CLANG_WARN_CONSTANT_CONVERSION = YES;
				CLANG_WARN_DEPRECATED_OBJC_IMPLEMENTATIONS = YES;
				CLANG_WARN_DIRECT_OBJC_ISA_USAGE = YES_ERROR;
				CLANG_WARN_DOCUMENTATION_COMMENTS = YES;
				CLANG_WARN_EMPTY_BODY = YES;
				CLANG_WARN_ENUM_CONVERSION = YES;
				CLANG_WARN_INFINITE_RECURSION = YES;
				CLANG_WARN_INT_CONVERSION = YES;
				CLANG_WARN_NON_LITERAL_NULL_CONVERSION = YES;
				CLANG_WARN_OBJC_IMPLICIT_RETAIN_SELF = YES;
				CLANG_WARN_OBJC_LITERAL_CONVERSION = YES;
				CLANG_WARN_OBJC_ROOT_CLASS = YES_ERROR;
				CLANG_WARN_RANGE_LOOP_ANALYSIS = YES;
				CLANG_WARN_STRICT_PROTOTYPES = YES;
				CLANG_WARN_SUSPICIOUS_MOVE = YES;
				CLANG_WARN_UNGUARDED_AVAILABILITY = YES_AGGRESSIVE;
				CLANG_WARN_UNREACHABLE_CODE = YES;
				CLANG_WARN__DUPLICATE_METHOD_MATCH = YES;
				COPY_PHASE_STRIP = NO;
				DEBUG_INFORMATION_FORMAT = "dwarf-with-dsym";
				ENABLE_NS_ASSERTIONS = NO;
				ENABLE_STRICT_OBJC_MSGSEND = YES;
				GCC_C_LANGUAGE_STANDARD = gnu11;
				GCC_NO_COMMON_BLOCKS = YES;
				GCC_WARN_64_TO_32_BIT_CONVERSION = YES;
				GCC_WARN_ABOUT_RETURN_TYPE = YES_ERROR;
				GCC_WARN_UNDECLARED_SELECTOR = YES;
				GCC_WARN_UNINITIALIZED_AUTOS = YES_AGGRESSIVE;
				GCC_WARN_UNUSED_FUNCTION = YES;
				GCC_WARN_UNUSED_VARIABLE = YES;
				IPHONEOS_DEPLOYMENT_TARGET = 13.5;
				MTL_ENABLE_DEBUG_INFO = NO;
				MTL_FAST_MATH = YES;
				SDKROOT = iphoneos;
				SWIFT_COMPILATION_MODE = wholemodule;
				SWIFT_OPTIMIZATION_LEVEL = "-O";
				VALIDATE_PRODUCT = YES;
			};
			name = Release;
		};
		E11946A7240B97D9007BE44A /* Debug */ = {
			isa = XCBuildConfiguration;
			baseConfigurationReference = 7C9F3A39371F3B880EED2E03 /* Pods-Welf.debug.xcconfig */;
			buildSettings = {
				ASSETCATALOG_COMPILER_APPICON_NAME = AppIcon;
				CODE_SIGN_STYLE = Automatic;
				DEVELOPMENT_ASSET_PATHS = "\"Welf/Preview Content\"";
				DEVELOPMENT_TEAM = 2KM89LUKKM;
				ENABLE_PREVIEWS = YES;
				INFOPLIST_FILE = Welf/Info.plist;
				LD_RUNPATH_SEARCH_PATHS = (
					"$(inherited)",
					"@executable_path/Frameworks",
				);
				PRODUCT_BUNDLE_IDENTIFIER = com.clement.Welf;
				PRODUCT_NAME = "$(TARGET_NAME)";
				SWIFT_VERSION = 5.0;
				TARGETED_DEVICE_FAMILY = "1,2";
			};
			name = Debug;
		};
		E11946A8240B97D9007BE44A /* Release */ = {
			isa = XCBuildConfiguration;
			baseConfigurationReference = 379E9DF0A59F8370A7BD661E /* Pods-Welf.release.xcconfig */;
			buildSettings = {
				ASSETCATALOG_COMPILER_APPICON_NAME = AppIcon;
				CODE_SIGN_STYLE = Automatic;
				DEVELOPMENT_ASSET_PATHS = "\"Welf/Preview Content\"";
				DEVELOPMENT_TEAM = 2KM89LUKKM;
				ENABLE_PREVIEWS = YES;
				INFOPLIST_FILE = Welf/Info.plist;
				LD_RUNPATH_SEARCH_PATHS = (
					"$(inherited)",
					"@executable_path/Frameworks",
				);
				PRODUCT_BUNDLE_IDENTIFIER = com.clement.Welf;
				PRODUCT_NAME = "$(TARGET_NAME)";
				SWIFT_VERSION = 5.0;
				TARGETED_DEVICE_FAMILY = "1,2";
			};
			name = Release;
		};
		E11946AA240B97D9007BE44A /* Debug */ = {
			isa = XCBuildConfiguration;
			baseConfigurationReference = A43CCE015E549F1F16F237F9 /* Pods-WelfTests.debug.xcconfig */;
			buildSettings = {
				ALWAYS_EMBED_SWIFT_STANDARD_LIBRARIES = YES;
				BUNDLE_LOADER = "$(TEST_HOST)";
				CODE_SIGN_STYLE = Automatic;
				DEVELOPMENT_TEAM = 2KM89LUKKM;
				INFOPLIST_FILE = WelfTests/Info.plist;
				IPHONEOS_DEPLOYMENT_TARGET = 13.2;
				LD_RUNPATH_SEARCH_PATHS = (
					"$(inherited)",
					"@executable_path/Frameworks",
					"@loader_path/Frameworks",
				);
				PRODUCT_BUNDLE_IDENTIFIER = com.clement.WelfTests;
				PRODUCT_NAME = "$(TARGET_NAME)";
				SWIFT_VERSION = 5.0;
				TARGETED_DEVICE_FAMILY = "1,2";
				TEST_HOST = "$(BUILT_PRODUCTS_DIR)/Welf.app/Welf";
			};
			name = Debug;
		};
		E11946AB240B97D9007BE44A /* Release */ = {
			isa = XCBuildConfiguration;
			baseConfigurationReference = 6410C5C43247DA9F6AE41181 /* Pods-WelfTests.release.xcconfig */;
			buildSettings = {
				ALWAYS_EMBED_SWIFT_STANDARD_LIBRARIES = YES;
				BUNDLE_LOADER = "$(TEST_HOST)";
				CODE_SIGN_STYLE = Automatic;
				DEVELOPMENT_TEAM = 2KM89LUKKM;
				INFOPLIST_FILE = WelfTests/Info.plist;
				IPHONEOS_DEPLOYMENT_TARGET = 13.2;
				LD_RUNPATH_SEARCH_PATHS = (
					"$(inherited)",
					"@executable_path/Frameworks",
					"@loader_path/Frameworks",
				);
				PRODUCT_BUNDLE_IDENTIFIER = com.clement.WelfTests;
				PRODUCT_NAME = "$(TARGET_NAME)";
				SWIFT_VERSION = 5.0;
				TARGETED_DEVICE_FAMILY = "1,2";
				TEST_HOST = "$(BUILT_PRODUCTS_DIR)/Welf.app/Welf";
			};
			name = Release;
		};
		E11946AD240B97D9007BE44A /* Debug */ = {
			isa = XCBuildConfiguration;
			baseConfigurationReference = DB2692F30DF31CF77A9EEBBA /* Pods-Welf-WelfUITests.debug.xcconfig */;
			buildSettings = {
				ALWAYS_EMBED_SWIFT_STANDARD_LIBRARIES = YES;
				CODE_SIGN_STYLE = Automatic;
				DEVELOPMENT_TEAM = 2KM89LUKKM;
				INFOPLIST_FILE = WelfUITests/Info.plist;
				LD_RUNPATH_SEARCH_PATHS = (
					"$(inherited)",
					"@executable_path/Frameworks",
					"@loader_path/Frameworks",
				);
				PRODUCT_BUNDLE_IDENTIFIER = com.clement.WelfUITests;
				PRODUCT_NAME = "$(TARGET_NAME)";
				SWIFT_VERSION = 5.0;
				TARGETED_DEVICE_FAMILY = "1,2";
				TEST_TARGET_NAME = Welf;
			};
			name = Debug;
		};
		E11946AE240B97D9007BE44A /* Release */ = {
			isa = XCBuildConfiguration;
			baseConfigurationReference = 94110CCF82860220C117DF93 /* Pods-Welf-WelfUITests.release.xcconfig */;
			buildSettings = {
				ALWAYS_EMBED_SWIFT_STANDARD_LIBRARIES = YES;
				CODE_SIGN_STYLE = Automatic;
				DEVELOPMENT_TEAM = 2KM89LUKKM;
				INFOPLIST_FILE = WelfUITests/Info.plist;
				LD_RUNPATH_SEARCH_PATHS = (
					"$(inherited)",
					"@executable_path/Frameworks",
					"@loader_path/Frameworks",
				);
				PRODUCT_BUNDLE_IDENTIFIER = com.clement.WelfUITests;
				PRODUCT_NAME = "$(TARGET_NAME)";
				SWIFT_VERSION = 5.0;
				TARGETED_DEVICE_FAMILY = "1,2";
				TEST_TARGET_NAME = Welf;
			};
			name = Release;
		};
/* End XCBuildConfiguration section */

/* Begin XCConfigurationList section */
		E1194674240B97D7007BE44A /* Build configuration list for PBXProject "Welf" */ = {
			isa = XCConfigurationList;
			buildConfigurations = (
				E11946A4240B97D9007BE44A /* Debug */,
				E11946A5240B97D9007BE44A /* Release */,
			);
			defaultConfigurationIsVisible = 0;
			defaultConfigurationName = Release;
		};
		E11946A6240B97D9007BE44A /* Build configuration list for PBXNativeTarget "Welf" */ = {
			isa = XCConfigurationList;
			buildConfigurations = (
				E11946A7240B97D9007BE44A /* Debug */,
				E11946A8240B97D9007BE44A /* Release */,
			);
			defaultConfigurationIsVisible = 0;
			defaultConfigurationName = Release;
		};
		E11946A9240B97D9007BE44A /* Build configuration list for PBXNativeTarget "WelfTests" */ = {
			isa = XCConfigurationList;
			buildConfigurations = (
				E11946AA240B97D9007BE44A /* Debug */,
				E11946AB240B97D9007BE44A /* Release */,
			);
			defaultConfigurationIsVisible = 0;
			defaultConfigurationName = Release;
		};
		E11946AC240B97D9007BE44A /* Build configuration list for PBXNativeTarget "WelfUITests" */ = {
			isa = XCConfigurationList;
			buildConfigurations = (
				E11946AD240B97D9007BE44A /* Debug */,
				E11946AE240B97D9007BE44A /* Release */,
			);
			defaultConfigurationIsVisible = 0;
			defaultConfigurationName = Release;
		};
/* End XCConfigurationList section */

/* Begin XCVersionGroup section */
		E1194680240B97D7007BE44A /* Welf.xcdatamodeld */ = {
			isa = XCVersionGroup;
			children = (
				E1194681240B97D7007BE44A /* Welf.xcdatamodel */,
			);
			currentVersion = E1194681240B97D7007BE44A /* Welf.xcdatamodel */;
			path = Welf.xcdatamodeld;
			sourceTree = "<group>";
			versionGroupType = wrapper.xcdatamodel;
		};
/* End XCVersionGroup section */
	};
	rootObject = E1194671240B97D7007BE44A /* Project object */;
}
